
Microsoft Visual Studio Solution File, Format Version 12.00
# Visual Studio Version 17
VisualStudioVersion = 17.8.34525.116
MinimumVisualStudioVersion = 10.0.40219.1
Project("{FAE04EC0-301F-11D3-BF4B-00C04F79EFBC}") = "Task 1 - Average value", "Task 1 - Average value\Task 1 - Average value.csproj", "{7C68A610-B67A-42A6-ACAA-FE93716E9964}"
EndProject
Project("{FAE04EC0-301F-11D3-BF4B-00C04F79EFBC}") = "Task 2 - Adding & multiplication", "Task 2 - Adding & multiplication\Task 2 - Adding & multiplication.csproj", "{99FB1827-25C3-4506-A76A-5BFC43426906}"
EndProject
Project("{FAE04EC0-301F-11D3-BF4B-00C04F79EFBC}") = "Task 3 - Converter", "Task 3 - Converter\Task 3 - Converter.csproj", "{72EDC7C9-8BDC-48D1-B678-472B35D97D91}"
EndProject
Project("{FAE04EC0-301F-11D3-BF4B-00C04F79EFBC}") = "Working Task", "Working Task\Working Task.csproj", "{76964371-3981-4740-AB42-B5F66CD5D851}"
EndProject
Project("{FAE04EC0-301F-11D3-BF4B-00C04F79EFBC}") = "Task 4 - Even  & odd numbers", "Task 4 - Even  & odd numbers\Task 4 - Even  & odd numbers.csproj", "{C745A17F-A266-4A2A-BA77-B1921F3AF060}"
EndProject
Project("{FAE04EC0-301F-11D3-BF4B-00C04F79EFBC}") = "Task 5 - Calculator (if-else)", "Task 5 - Calculator (if-else)\Task 5 - Calculator (if-else).csproj", "{4EE97F5F-A5CB-4FF4-9469-1DD6E27FC683}"
EndProject
Project("{FAE04EC0-301F-11D3-BF4B-00C04F79EFBC}") = "Task 6 - Calculator (switch)", "Task 6 - Calculator (switch)\Task 6 - Calculator (switch).csproj", "{72CAB4EF-0EC6-4B69-BE4F-F8A1ADA7DEDB}"
EndProject
Project("{FAE04EC0-301F-11D3-BF4B-00C04F79EFBC}") = "Task 7 - Even & odd numbers counter", "Task 7 - Even & odd numbers counter\Task 7 - Even & odd numbers counter.csproj", "{EE7726EC-ECFB-482A-A28D-4EB172A8254F}"
EndProject
Project("{FAE04EC0-301F-11D3-BF4B-00C04F79EFBC}") = "Task 8 - Triangles writing", "Task 8 - Triangles writing\Task 8 - Triangles writing.csproj", "{81A027A1-97E1-4347-B773-0556C8C06EFD}"
EndProject
Project("{FAE04EC0-301F-11D3-BF4B-00C04F79EFBC}") = "TAsk 8 - Triangles writing alternative aproach", "TAsk 8 - Triangles writing alternative aproach\TAsk 8 - Triangles writing alternative aproach.csproj", "{0B62DB33-A796-4F7B-9B31-8DF5B046D56D}"
EndProject
Global
	GlobalSection(SolutionConfigurationPlatforms) = preSolution
		Debug|Any CPU = Debug|Any CPU
		Release|Any CPU = Release|Any CPU
	EndGlobalSection
	GlobalSection(ProjectConfigurationPlatforms) = postSolution
		{7C68A610-B67A-42A6-ACAA-FE93716E9964}.Debug|Any CPU.ActiveCfg = Debug|Any CPU
		{7C68A610-B67A-42A6-ACAA-FE93716E9964}.Debug|Any CPU.Build.0 = Debug|Any CPU
		{7C68A610-B67A-42A6-ACAA-FE93716E9964}.Release|Any CPU.ActiveCfg = Release|Any CPU
		{7C68A610-B67A-42A6-ACAA-FE93716E9964}.Release|Any CPU.Build.0 = Release|Any CPU
		{99FB1827-25C3-4506-A76A-5BFC43426906}.Debug|Any CPU.ActiveCfg = Debug|Any CPU
		{99FB1827-25C3-4506-A76A-5BFC43426906}.Debug|Any CPU.Build.0 = Debug|Any CPU
		{99FB1827-25C3-4506-A76A-5BFC43426906}.Release|Any CPU.ActiveCfg = Release|Any CPU
		{99FB1827-25C3-4506-A76A-5BFC43426906}.Release|Any CPU.Build.0 = Release|Any CPU
		{72EDC7C9-8BDC-48D1-B678-472B35D97D91}.Debug|Any CPU.ActiveCfg = Debug|Any CPU
		{72EDC7C9-8BDC-48D1-B678-472B35D97D91}.Debug|Any CPU.Build.0 = Debug|Any CPU
		{72EDC7C9-8BDC-48D1-B678-472B35D97D91}.Release|Any CPU.ActiveCfg = Release|Any CPU
		{72EDC7C9-8BDC-48D1-B678-472B35D97D91}.Release|Any CPU.Build.0 = Release|Any CPU
		{76964371-3981-4740-AB42-B5F66CD5D851}.Debug|Any CPU.ActiveCfg = Debug|Any CPU
		{76964371-3981-4740-AB42-B5F66CD5D851}.Debug|Any CPU.Build.0 = Debug|Any CPU
		{76964371-3981-4740-AB42-B5F66CD5D851}.Release|Any CPU.ActiveCfg = Release|Any CPU
		{76964371-3981-4740-AB42-B5F66CD5D851}.Release|Any CPU.Build.0 = Release|Any CPU
		{C745A17F-A266-4A2A-BA77-B1921F3AF060}.Debug|Any CPU.ActiveCfg = Debug|Any CPU
		{C745A17F-A266-4A2A-BA77-B1921F3AF060}.Debug|Any CPU.Build.0 = Debug|Any CPU
		{C745A17F-A266-4A2A-BA77-B1921F3AF060}.Release|Any CPU.ActiveCfg = Release|Any CPU
		{C745A17F-A266-4A2A-BA77-B1921F3AF060}.Release|Any CPU.Build.0 = Release|Any CPU
		{4EE97F5F-A5CB-4FF4-9469-1DD6E27FC683}.Debug|Any CPU.ActiveCfg = Debug|Any CPU
		{4EE97F5F-A5CB-4FF4-9469-1DD6E27FC683}.Debug|Any CPU.Build.0 = Debug|Any CPU
		{4EE97F5F-A5CB-4FF4-9469-1DD6E27FC683}.Release|Any CPU.ActiveCfg = Release|Any CPU
		{4EE97F5F-A5CB-4FF4-9469-1DD6E27FC683}.Release|Any CPU.Build.0 = Release|Any CPU
		{72CAB4EF-0EC6-4B69-BE4F-F8A1ADA7DEDB}.Debug|Any CPU.ActiveCfg = Debug|Any CPU
		{72CAB4EF-0EC6-4B69-BE4F-F8A1ADA7DEDB}.Debug|Any CPU.Build.0 = Debug|Any CPU
		{72CAB4EF-0EC6-4B69-BE4F-F8A1ADA7DEDB}.Release|Any CPU.ActiveCfg = Release|Any CPU
		{72CAB4EF-0EC6-4B69-BE4F-F8A1ADA7DEDB}.Release|Any CPU.Build.0 = Release|Any CPU
		{EE7726EC-ECFB-482A-A28D-4EB172A8254F}.Debug|Any CPU.ActiveCfg = Debug|Any CPU
		{EE7726EC-ECFB-482A-A28D-4EB172A8254F}.Debug|Any CPU.Build.0 = Debug|Any CPU
		{EE7726EC-ECFB-482A-A28D-4EB172A8254F}.Release|Any CPU.ActiveCfg = Release|Any CPU
		{EE7726EC-ECFB-482A-A28D-4EB172A8254F}.Release|Any CPU.Build.0 = Release|Any CPU
		{81A027A1-97E1-4347-B773-0556C8C06EFD}.Debug|Any CPU.ActiveCfg = Debug|Any CPU
		{81A027A1-97E1-4347-B773-0556C8C06EFD}.Debug|Any CPU.Build.0 = Debug|Any CPU
		{81A027A1-97E1-4347-B773-0556C8C06EFD}.Release|Any CPU.ActiveCfg = Release|Any CPU
		{81A027A1-97E1-4347-B773-0556C8C06EFD}.Release|Any CPU.Build.0 = Release|Any CPU
		{0B62DB33-A796-4F7B-9B31-8DF5B046D56D}.Debug|Any CPU.ActiveCfg = Debug|Any CPU
		{0B62DB33-A796-4F7B-9B31-8DF5B046D56D}.Debug|Any CPU.Build.0 = Debug|Any CPU
		{0B62DB33-A796-4F7B-9B31-8DF5B046D56D}.Release|Any CPU.ActiveCfg = Release|Any CPU
		{0B62DB33-A796-4F7B-9B31-8DF5B046D56D}.Release|Any CPU.Build.0 = Release|Any CPU
	EndGlobalSection
	GlobalSection(SolutionProperties) = preSolution
		HideSolutionNode = FALSE
	EndGlobalSection
	GlobalSection(ExtensibilityGlobals) = postSolution
		SolutionGuid = {E0A3C23F-C4A5-4D34-B405-8B85FDBDCDBD}
	EndGlobalSection
EndGlobal
